<?xml version="1.0" encoding="UTF-8" standalone="yes" ?>
<CodeBlocks_project_file>
	<FileVersion major="1" minor="6" />
	<Project>
		<Option title="ANT" />
		<Option makefile_is_custom="1" />
		<Option compiler="gcc" />
		<Option virtualFolders="CMake Files/;CMake Files/ANT_LIB/;CMake Files/DEMO_HRM/;CMake Files/DEMO_ANTFS/;" />
		<Build>
			<Target title="all">
				<Option type="4" />
				<Option compiler="gcc" />
				<MakeCommands>
					<Build command='/usr/bin/make -f &quot;/home/picuntu/github/ANT-Library/codeblocks/Makefile&quot;  VERBOSE=1 all' />
					<CompileFile command='/usr/bin/make -f &quot;/home/picuntu/github/ANT-Library/codeblocks/Makefile&quot;  VERBOSE=1 &quot;$file&quot;' />
					<Clean command='/usr/bin/make -f &quot;/home/picuntu/github/ANT-Library/codeblocks/Makefile&quot;  VERBOSE=1 clean' />
					<DistClean command='/usr/bin/make -f &quot;/home/picuntu/github/ANT-Library/codeblocks/Makefile&quot;  VERBOSE=1 clean' />
					<AskRebuildNeeded command="$make -q -f $makefile $target" />
					<SilentBuild command="$make -f $makefile $target &gt; $(CMD_NULL)" />
				</MakeCommands>
			</Target>
			<Target title="rebuild_cache">
				<Option type="4" />
				<Option compiler="gcc" />
				<MakeCommands>
					<Build command='/usr/bin/make -f &quot;/home/picuntu/github/ANT-Library/codeblocks/Makefile&quot;  VERBOSE=1 rebuild_cache' />
					<CompileFile command='/usr/bin/make -f &quot;/home/picuntu/github/ANT-Library/codeblocks/Makefile&quot;  VERBOSE=1 &quot;$file&quot;' />
					<Clean command='/usr/bin/make -f &quot;/home/picuntu/github/ANT-Library/codeblocks/Makefile&quot;  VERBOSE=1 clean' />
					<DistClean command='/usr/bin/make -f &quot;/home/picuntu/github/ANT-Library/codeblocks/Makefile&quot;  VERBOSE=1 clean' />
					<AskRebuildNeeded command="$make -q -f $makefile $target" />
					<SilentBuild command="$make -f $makefile $target &gt; $(CMD_NULL)" />
				</MakeCommands>
			</Target>
			<Target title="ant">
				<Option output="/home/picuntu/github/ANT-Library/codeblocks/ANT_LIB/libant.a" prefix_auto="0" extension_auto="0" />
				<Option working_dir="" />
				<Option object_output="./" />
				<Option type="2" />
				<Option compiler="gcc" />
				<Compiler>
					<Add directory="/home/picuntu/github/ANT-Library/src/ANT_DLL" />
					<Add directory="/home/picuntu/github/ANT-Library/src/ANT_LIB/common" />
					<Add directory="/home/picuntu/github/ANT-Library/src/ANT_LIB/inc" />
					<Add directory="/home/picuntu/github/ANT-Library/src/ANT_LIB/software/ANTFS" />
					<Add directory="/home/picuntu/github/ANT-Library/src/ANT_LIB/software/USB" />
					<Add directory="/home/picuntu/github/ANT-Library/src/ANT_LIB/software/USB/device_handles" />
					<Add directory="/home/picuntu/github/ANT-Library/src/ANT_LIB/software/USB/devices" />
					<Add directory="/home/picuntu/github/ANT-Library/src/ANT_LIB/software/USB/iokit_driver" />
					<Add directory="/home/picuntu/github/ANT-Library/src/ANT_LIB/software/serial" />
					<Add directory="/home/picuntu/github/ANT-Library/src/ANT_LIB/software/serial/device_management" />
					<Add directory="/home/picuntu/github/ANT-Library/src/ANT_LIB/software/system" />
					<Add directory="/home/picuntu/github/ANT-Library/src/DEMO_ANTFS" />
					<Add directory="/usr/include" />
					<Add directory="/usr/include/arm-linux-gnueabihf" />
					<Add directory="/usr/include/arm-linux-gnueabihf/c++/4.7/." />
					<Add directory="/usr/include/c++/4.7" />
					<Add directory="/usr/include/c++/4.7/backward" />
					<Add directory="/usr/lib/gcc/arm-linux-gnueabihf/4.7/include" />
					<Add directory="/usr/lib/gcc/arm-linux-gnueabihf/4.7/include-fixed" />
					<Add directory="/usr/local/include" />
				</Compiler>
				<MakeCommands>
					<Build command='/usr/bin/make -f &quot;/home/picuntu/github/ANT-Library/codeblocks/ANT_LIB/Makefile&quot;  VERBOSE=1 ant' />
					<CompileFile command='/usr/bin/make -f &quot;/home/picuntu/github/ANT-Library/codeblocks/ANT_LIB/Makefile&quot;  VERBOSE=1 &quot;$file&quot;' />
					<Clean command='/usr/bin/make -f &quot;/home/picuntu/github/ANT-Library/codeblocks/ANT_LIB/Makefile&quot;  VERBOSE=1 clean' />
					<DistClean command='/usr/bin/make -f &quot;/home/picuntu/github/ANT-Library/codeblocks/ANT_LIB/Makefile&quot;  VERBOSE=1 clean' />
					<AskRebuildNeeded command="$make -q -f $makefile $target" />
					<SilentBuild command="$make -f $makefile $target &gt; $(CMD_NULL)" />
				</MakeCommands>
			</Target>
			<Target title="ant/fast">
				<Option output="/home/picuntu/github/ANT-Library/codeblocks/ANT_LIB/libant.a" prefix_auto="0" extension_auto="0" />
				<Option working_dir="" />
				<Option object_output="./" />
				<Option type="2" />
				<Option compiler="gcc" />
				<Compiler>
					<Add directory="/home/picuntu/github/ANT-Library/src/ANT_DLL" />
					<Add directory="/home/picuntu/github/ANT-Library/src/ANT_LIB/common" />
					<Add directory="/home/picuntu/github/ANT-Library/src/ANT_LIB/inc" />
					<Add directory="/home/picuntu/github/ANT-Library/src/ANT_LIB/software/ANTFS" />
					<Add directory="/home/picuntu/github/ANT-Library/src/ANT_LIB/software/USB" />
					<Add directory="/home/picuntu/github/ANT-Library/src/ANT_LIB/software/USB/device_handles" />
					<Add directory="/home/picuntu/github/ANT-Library/src/ANT_LIB/software/USB/devices" />
					<Add directory="/home/picuntu/github/ANT-Library/src/ANT_LIB/software/USB/iokit_driver" />
					<Add directory="/home/picuntu/github/ANT-Library/src/ANT_LIB/software/serial" />
					<Add directory="/home/picuntu/github/ANT-Library/src/ANT_LIB/software/serial/device_management" />
					<Add directory="/home/picuntu/github/ANT-Library/src/ANT_LIB/software/system" />
					<Add directory="/home/picuntu/github/ANT-Library/src/DEMO_ANTFS" />
					<Add directory="/usr/include" />
					<Add directory="/usr/include/arm-linux-gnueabihf" />
					<Add directory="/usr/include/arm-linux-gnueabihf/c++/4.7/." />
					<Add directory="/usr/include/c++/4.7" />
					<Add directory="/usr/include/c++/4.7/backward" />
					<Add directory="/usr/lib/gcc/arm-linux-gnueabihf/4.7/include" />
					<Add directory="/usr/lib/gcc/arm-linux-gnueabihf/4.7/include-fixed" />
					<Add directory="/usr/local/include" />
				</Compiler>
				<MakeCommands>
					<Build command='/usr/bin/make -f &quot;/home/picuntu/github/ANT-Library/codeblocks/ANT_LIB/Makefile&quot;  VERBOSE=1 ant/fast' />
					<CompileFile command='/usr/bin/make -f &quot;/home/picuntu/github/ANT-Library/codeblocks/ANT_LIB/Makefile&quot;  VERBOSE=1 &quot;$file&quot;' />
					<Clean command='/usr/bin/make -f &quot;/home/picuntu/github/ANT-Library/codeblocks/ANT_LIB/Makefile&quot;  VERBOSE=1 clean' />
					<DistClean command='/usr/bin/make -f &quot;/home/picuntu/github/ANT-Library/codeblocks/ANT_LIB/Makefile&quot;  VERBOSE=1 clean' />
					<AskRebuildNeeded command="$make -q -f $makefile $target" />
					<SilentBuild command="$make -f $makefile $target &gt; $(CMD_NULL)" />
				</MakeCommands>
			</Target>
			<Target title="demo_hrm">
				<Option output="/home/picuntu/github/ANT-Library/codeblocks/DEMO_HRM/demo_hrm" prefix_auto="0" extension_auto="0" />
				<Option working_dir="/home/picuntu/github/ANT-Library/codeblocks/DEMO_HRM" />
				<Option object_output="./" />
				<Option type="1" />
				<Option compiler="gcc" />
				<Compiler>
					<Add directory="/home/picuntu/github/ANT-Library/src/ANT_DLL" />
					<Add directory="/home/picuntu/github/ANT-Library/src/ANT_LIB/common" />
					<Add directory="/home/picuntu/github/ANT-Library/src/ANT_LIB/inc" />
					<Add directory="/home/picuntu/github/ANT-Library/src/ANT_LIB/software/ANTFS" />
					<Add directory="/home/picuntu/github/ANT-Library/src/ANT_LIB/software/USB" />
					<Add directory="/home/picuntu/github/ANT-Library/src/ANT_LIB/software/USB/device_handles" />
					<Add directory="/home/picuntu/github/ANT-Library/src/ANT_LIB/software/USB/devices" />
					<Add directory="/home/picuntu/github/ANT-Library/src/ANT_LIB/software/USB/iokit_driver" />
					<Add directory="/home/picuntu/github/ANT-Library/src/ANT_LIB/software/serial" />
					<Add directory="/home/picuntu/github/ANT-Library/src/ANT_LIB/software/serial/device_management" />
					<Add directory="/home/picuntu/github/ANT-Library/src/ANT_LIB/software/system" />
					<Add directory="/home/picuntu/github/ANT-Library/src/DEMO_ANTFS" />
					<Add directory="/usr/include" />
					<Add directory="/usr/include/arm-linux-gnueabihf" />
					<Add directory="/usr/include/arm-linux-gnueabihf/c++/4.7/." />
					<Add directory="/usr/include/c++/4.7" />
					<Add directory="/usr/include/c++/4.7/backward" />
					<Add directory="/usr/lib/gcc/arm-linux-gnueabihf/4.7/include" />
					<Add directory="/usr/lib/gcc/arm-linux-gnueabihf/4.7/include-fixed" />
					<Add directory="/usr/local/include" />
				</Compiler>
				<MakeCommands>
					<Build command='/usr/bin/make -f &quot;/home/picuntu/github/ANT-Library/codeblocks/DEMO_HRM/Makefile&quot;  VERBOSE=1 demo_hrm' />
					<CompileFile command='/usr/bin/make -f &quot;/home/picuntu/github/ANT-Library/codeblocks/DEMO_HRM/Makefile&quot;  VERBOSE=1 &quot;$file&quot;' />
					<Clean command='/usr/bin/make -f &quot;/home/picuntu/github/ANT-Library/codeblocks/DEMO_HRM/Makefile&quot;  VERBOSE=1 clean' />
					<DistClean command='/usr/bin/make -f &quot;/home/picuntu/github/ANT-Library/codeblocks/DEMO_HRM/Makefile&quot;  VERBOSE=1 clean' />
					<AskRebuildNeeded command="$make -q -f $makefile $target" />
					<SilentBuild command="$make -f $makefile $target &gt; $(CMD_NULL)" />
				</MakeCommands>
			</Target>
			<Target title="demo_hrm/fast">
				<Option output="/home/picuntu/github/ANT-Library/codeblocks/DEMO_HRM/demo_hrm" prefix_auto="0" extension_auto="0" />
				<Option working_dir="/home/picuntu/github/ANT-Library/codeblocks/DEMO_HRM" />
				<Option object_output="./" />
				<Option type="1" />
				<Option compiler="gcc" />
				<Compiler>
					<Add directory="/home/picuntu/github/ANT-Library/src/ANT_DLL" />
					<Add directory="/home/picuntu/github/ANT-Library/src/ANT_LIB/common" />
					<Add directory="/home/picuntu/github/ANT-Library/src/ANT_LIB/inc" />
					<Add directory="/home/picuntu/github/ANT-Library/src/ANT_LIB/software/ANTFS" />
					<Add directory="/home/picuntu/github/ANT-Library/src/ANT_LIB/software/USB" />
					<Add directory="/home/picuntu/github/ANT-Library/src/ANT_LIB/software/USB/device_handles" />
					<Add directory="/home/picuntu/github/ANT-Library/src/ANT_LIB/software/USB/devices" />
					<Add directory="/home/picuntu/github/ANT-Library/src/ANT_LIB/software/USB/iokit_driver" />
					<Add directory="/home/picuntu/github/ANT-Library/src/ANT_LIB/software/serial" />
					<Add directory="/home/picuntu/github/ANT-Library/src/ANT_LIB/software/serial/device_management" />
					<Add directory="/home/picuntu/github/ANT-Library/src/ANT_LIB/software/system" />
					<Add directory="/home/picuntu/github/ANT-Library/src/DEMO_ANTFS" />
					<Add directory="/usr/include" />
					<Add directory="/usr/include/arm-linux-gnueabihf" />
					<Add directory="/usr/include/arm-linux-gnueabihf/c++/4.7/." />
					<Add directory="/usr/include/c++/4.7" />
					<Add directory="/usr/include/c++/4.7/backward" />
					<Add directory="/usr/lib/gcc/arm-linux-gnueabihf/4.7/include" />
					<Add directory="/usr/lib/gcc/arm-linux-gnueabihf/4.7/include-fixed" />
					<Add directory="/usr/local/include" />
				</Compiler>
				<MakeCommands>
					<Build command='/usr/bin/make -f &quot;/home/picuntu/github/ANT-Library/codeblocks/DEMO_HRM/Makefile&quot;  VERBOSE=1 demo_hrm/fast' />
					<CompileFile command='/usr/bin/make -f &quot;/home/picuntu/github/ANT-Library/codeblocks/DEMO_HRM/Makefile&quot;  VERBOSE=1 &quot;$file&quot;' />
					<Clean command='/usr/bin/make -f &quot;/home/picuntu/github/ANT-Library/codeblocks/DEMO_HRM/Makefile&quot;  VERBOSE=1 clean' />
					<DistClean command='/usr/bin/make -f &quot;/home/picuntu/github/ANT-Library/codeblocks/DEMO_HRM/Makefile&quot;  VERBOSE=1 clean' />
					<AskRebuildNeeded command="$make -q -f $makefile $target" />
					<SilentBuild command="$make -f $makefile $target &gt; $(CMD_NULL)" />
				</MakeCommands>
			</Target>
			<Target title="demo_antfs">
				<Option output="/home/picuntu/github/ANT-Library/codeblocks/DEMO_ANTFS/demo_antfs" prefix_auto="0" extension_auto="0" />
				<Option working_dir="/home/picuntu/github/ANT-Library/codeblocks/DEMO_ANTFS" />
				<Option object_output="./" />
				<Option type="1" />
				<Option compiler="gcc" />
				<Compiler>
					<Add directory="/home/picuntu/github/ANT-Library/src/ANT_DLL" />
					<Add directory="/home/picuntu/github/ANT-Library/src/ANT_LIB/common" />
					<Add directory="/home/picuntu/github/ANT-Library/src/ANT_LIB/inc" />
					<Add directory="/home/picuntu/github/ANT-Library/src/ANT_LIB/software/ANTFS" />
					<Add directory="/home/picuntu/github/ANT-Library/src/ANT_LIB/software/USB" />
					<Add directory="/home/picuntu/github/ANT-Library/src/ANT_LIB/software/USB/device_handles" />
					<Add directory="/home/picuntu/github/ANT-Library/src/ANT_LIB/software/USB/devices" />
					<Add directory="/home/picuntu/github/ANT-Library/src/ANT_LIB/software/USB/iokit_driver" />
					<Add directory="/home/picuntu/github/ANT-Library/src/ANT_LIB/software/serial" />
					<Add directory="/home/picuntu/github/ANT-Library/src/ANT_LIB/software/serial/device_management" />
					<Add directory="/home/picuntu/github/ANT-Library/src/ANT_LIB/software/system" />
					<Add directory="/home/picuntu/github/ANT-Library/src/DEMO_ANTFS" />
					<Add directory="/usr/include" />
					<Add directory="/usr/include/arm-linux-gnueabihf" />
					<Add directory="/usr/include/arm-linux-gnueabihf/c++/4.7/." />
					<Add directory="/usr/include/c++/4.7" />
					<Add directory="/usr/include/c++/4.7/backward" />
					<Add directory="/usr/lib/gcc/arm-linux-gnueabihf/4.7/include" />
					<Add directory="/usr/lib/gcc/arm-linux-gnueabihf/4.7/include-fixed" />
					<Add directory="/usr/local/include" />
				</Compiler>
				<MakeCommands>
					<Build command='/usr/bin/make -f &quot;/home/picuntu/github/ANT-Library/codeblocks/DEMO_ANTFS/Makefile&quot;  VERBOSE=1 demo_antfs' />
					<CompileFile command='/usr/bin/make -f &quot;/home/picuntu/github/ANT-Library/codeblocks/DEMO_ANTFS/Makefile&quot;  VERBOSE=1 &quot;$file&quot;' />
					<Clean command='/usr/bin/make -f &quot;/home/picuntu/github/ANT-Library/codeblocks/DEMO_ANTFS/Makefile&quot;  VERBOSE=1 clean' />
					<DistClean command='/usr/bin/make -f &quot;/home/picuntu/github/ANT-Library/codeblocks/DEMO_ANTFS/Makefile&quot;  VERBOSE=1 clean' />
					<AskRebuildNeeded command="$make -q -f $makefile $target" />
					<SilentBuild command="$make -f $makefile $target &gt; $(CMD_NULL)" />
				</MakeCommands>
			</Target>
			<Target title="demo_antfs/fast">
				<Option output="/home/picuntu/github/ANT-Library/codeblocks/DEMO_ANTFS/demo_antfs" prefix_auto="0" extension_auto="0" />
				<Option working_dir="/home/picuntu/github/ANT-Library/codeblocks/DEMO_ANTFS" />
				<Option object_output="./" />
				<Option type="1" />
				<Option compiler="gcc" />
				<Compiler>
					<Add directory="/home/picuntu/github/ANT-Library/src/ANT_DLL" />
					<Add directory="/home/picuntu/github/ANT-Library/src/ANT_LIB/common" />
					<Add directory="/home/picuntu/github/ANT-Library/src/ANT_LIB/inc" />
					<Add directory="/home/picuntu/github/ANT-Library/src/ANT_LIB/software/ANTFS" />
					<Add directory="/home/picuntu/github/ANT-Library/src/ANT_LIB/software/USB" />
					<Add directory="/home/picuntu/github/ANT-Library/src/ANT_LIB/software/USB/device_handles" />
					<Add directory="/home/picuntu/github/ANT-Library/src/ANT_LIB/software/USB/devices" />
					<Add directory="/home/picuntu/github/ANT-Library/src/ANT_LIB/software/USB/iokit_driver" />
					<Add directory="/home/picuntu/github/ANT-Library/src/ANT_LIB/software/serial" />
					<Add directory="/home/picuntu/github/ANT-Library/src/ANT_LIB/software/serial/device_management" />
					<Add directory="/home/picuntu/github/ANT-Library/src/ANT_LIB/software/system" />
					<Add directory="/home/picuntu/github/ANT-Library/src/DEMO_ANTFS" />
					<Add directory="/usr/include" />
					<Add directory="/usr/include/arm-linux-gnueabihf" />
					<Add directory="/usr/include/arm-linux-gnueabihf/c++/4.7/." />
					<Add directory="/usr/include/c++/4.7" />
					<Add directory="/usr/include/c++/4.7/backward" />
					<Add directory="/usr/lib/gcc/arm-linux-gnueabihf/4.7/include" />
					<Add directory="/usr/lib/gcc/arm-linux-gnueabihf/4.7/include-fixed" />
					<Add directory="/usr/local/include" />
				</Compiler>
				<MakeCommands>
					<Build command='/usr/bin/make -f &quot;/home/picuntu/github/ANT-Library/codeblocks/DEMO_ANTFS/Makefile&quot;  VERBOSE=1 demo_antfs/fast' />
					<CompileFile command='/usr/bin/make -f &quot;/home/picuntu/github/ANT-Library/codeblocks/DEMO_ANTFS/Makefile&quot;  VERBOSE=1 &quot;$file&quot;' />
					<Clean command='/usr/bin/make -f &quot;/home/picuntu/github/ANT-Library/codeblocks/DEMO_ANTFS/Makefile&quot;  VERBOSE=1 clean' />
					<DistClean command='/usr/bin/make -f &quot;/home/picuntu/github/ANT-Library/codeblocks/DEMO_ANTFS/Makefile&quot;  VERBOSE=1 clean' />
					<AskRebuildNeeded command="$make -q -f $makefile $target" />
					<SilentBuild command="$make -f $makefile $target &gt; $(CMD_NULL)" />
				</MakeCommands>
			</Target>
		</Build>
		<Unit filename="../src/ANT_DLL/ant.cpp" />
		<Unit filename="../src/ANT_DLL/ant.h" />
		<Unit filename="../src/ANT_LIB/CMakeLists.txt">
			<Option virtualFolder="CMake Files/ANT_LIB/" />
		</Unit>
		<Unit filename="../src/ANT_LIB/common/checksum.c">
			<Option compilerVar="CC" />
		</Unit>
		<Unit filename="../src/ANT_LIB/common/checksum.h" />
		<Unit filename="../src/ANT_LIB/common/crc.c">
			<Option compilerVar="CC" />
		</Unit>
		<Unit filename="../src/ANT_LIB/common/crc.h" />
		<Unit filename="../src/ANT_LIB/software/ANTFS/antfs_client_channel.cpp" />
		<Unit filename="../src/ANT_LIB/software/ANTFS/antfs_client_channel.hpp" />
		<Unit filename="../src/ANT_LIB/software/ANTFS/antfs_directory.c">
			<Option compilerVar="CC" />
		</Unit>
		<Unit filename="../src/ANT_LIB/software/ANTFS/antfs_directory.h" />
		<Unit filename="../src/ANT_LIB/software/ANTFS/antfs_host.cpp" />
		<Unit filename="../src/ANT_LIB/software/ANTFS/antfs_host.hpp" />
		<Unit filename="../src/ANT_LIB/software/ANTFS/antfs_host_channel.cpp" />
		<Unit filename="../src/ANT_LIB/software/ANTFS/antfs_host_channel.hpp" />
		<Unit filename="../src/ANT_LIB/software/USB/device_handles/usb_device_handle_iokit.cpp" />
		<Unit filename="../src/ANT_LIB/software/USB/device_handles/usb_device_handle_iokit.hpp" />
		<Unit filename="../src/ANT_LIB/software/USB/device_handles/usb_device_handle_linux.cpp" />
		<Unit filename="../src/ANT_LIB/software/USB/device_handles/usb_device_handle_mac.cpp" />
		<Unit filename="../src/ANT_LIB/software/USB/device_handles/usb_device_handle_si_iokit.cpp" />
		<Unit filename="../src/ANT_LIB/software/USB/device_handles/usb_device_handle_si_iokit.hpp" />
		<Unit filename="../src/ANT_LIB/software/USB/device_handles/usb_device_handle_vcp.cpp" />
		<Unit filename="../src/ANT_LIB/software/USB/device_handles/usb_device_handle_vcp.hpp" />
		<Unit filename="../src/ANT_LIB/software/USB/devices/usb_device.cpp" />
		<Unit filename="../src/ANT_LIB/software/USB/devices/usb_device.hpp" />
		<Unit filename="../src/ANT_LIB/software/USB/devices/usb_device_iokit.cpp" />
		<Unit filename="../src/ANT_LIB/software/USB/devices/usb_device_iokit.hpp" />
		<Unit filename="../src/ANT_LIB/software/USB/devices/usb_device_linux.cpp" />
		<Unit filename="../src/ANT_LIB/software/USB/devices/usb_device_linux.hpp" />
		<Unit filename="../src/ANT_LIB/software/USB/devices/usb_device_vcp.cpp" />
		<Unit filename="../src/ANT_LIB/software/USB/devices/usb_device_vcp.hpp" />
		<Unit filename="../src/ANT_LIB/software/USB/iokit_driver/iokit_device.cpp" />
		<Unit filename="../src/ANT_LIB/software/USB/iokit_driver/iokit_device.hpp" />
		<Unit filename="../src/ANT_LIB/software/USB/iokit_driver/iokit_device_handle.cpp" />
		<Unit filename="../src/ANT_LIB/software/USB/iokit_driver/iokit_device_handle.hpp" />
		<Unit filename="../src/ANT_LIB/software/USB/iokit_driver/iokit_device_list.cpp" />
		<Unit filename="../src/ANT_LIB/software/USB/iokit_driver/iokit_device_list.hpp" />
		<Unit filename="../src/ANT_LIB/software/USB/iokit_driver/iokit_interface.cpp" />
		<Unit filename="../src/ANT_LIB/software/USB/iokit_driver/iokit_interface.hpp" />
		<Unit filename="../src/ANT_LIB/software/USB/iokit_driver/iokit_transfer.cpp" />
		<Unit filename="../src/ANT_LIB/software/USB/iokit_driver/iokit_transfer.hpp" />
		<Unit filename="../src/ANT_LIB/software/serial/device_management/dsi_ant_device.cpp" />
		<Unit filename="../src/ANT_LIB/software/serial/device_management/dsi_ant_device.hpp" />
		<Unit filename="../src/ANT_LIB/software/serial/dsi_framer.cpp" />
		<Unit filename="../src/ANT_LIB/software/serial/dsi_framer.hpp" />
		<Unit filename="../src/ANT_LIB/software/serial/dsi_framer_ant.cpp" />
		<Unit filename="../src/ANT_LIB/software/serial/dsi_framer_ant.hpp" />
		<Unit filename="../src/ANT_LIB/software/serial/dsi_framer_integrated_antfs_client.cpp" />
		<Unit filename="../src/ANT_LIB/software/serial/dsi_serial.cpp" />
		<Unit filename="../src/ANT_LIB/software/serial/dsi_serial.hpp" />
		<Unit filename="../src/ANT_LIB/software/serial/dsi_serial_generic.cpp" />
		<Unit filename="../src/ANT_LIB/software/serial/dsi_serial_generic.hpp" />
		<Unit filename="../src/ANT_LIB/software/serial/dsi_serial_iokit.cpp" />
		<Unit filename="../src/ANT_LIB/software/serial/dsi_serial_iokit.hpp" />
		<Unit filename="../src/ANT_LIB/software/serial/dsi_vcp_si.cpp" />
		<Unit filename="../src/ANT_LIB/software/serial/dsi_vcp_si.hpp" />
		<Unit filename="../src/ANT_LIB/software/system/dsi_convert.c">
			<Option compilerVar="CC" />
		</Unit>
		<Unit filename="../src/ANT_LIB/software/system/dsi_convert.h" />
		<Unit filename="../src/ANT_LIB/software/system/dsi_debug.cpp" />
		<Unit filename="../src/ANT_LIB/software/system/dsi_debug.hpp" />
		<Unit filename="../src/ANT_LIB/software/system/dsi_thread_posix.c">
			<Option compilerVar="CC" />
		</Unit>
		<Unit filename="../src/ANT_LIB/software/system/dsi_thread_win32.c">
			<Option compilerVar="CC" />
		</Unit>
		<Unit filename="../src/ANT_LIB/software/system/dsi_timer.cpp" />
		<Unit filename="../src/ANT_LIB/software/system/dsi_timer.hpp" />
		<Unit filename="../src/ANT_LIB/software/system/macros.c">
			<Option compilerVar="CC" />
		</Unit>
		<Unit filename="../src/ANT_LIB/software/system/macros.h" />
		<Unit filename="../src/CMakeLists.txt">
			<Option virtualFolder="CMake Files/" />
		</Unit>
		<Unit filename="../src/DEMO_ANTFS/CMakeLists.txt">
			<Option virtualFolder="CMake Files/DEMO_ANTFS/" />
		</Unit>
		<Unit filename="../src/DEMO_ANTFS/demo_antfs.cpp" />
		<Unit filename="../src/DEMO_ANTFS/demo_antfs.h" />
		<Unit filename="../src/DEMO_HRM/CMakeLists.txt">
			<Option virtualFolder="CMake Files/DEMO_HRM/" />
		</Unit>
		<Unit filename="../src/DEMO_HRM/demo_hrm.cpp" />
		<Extensions>
			<DoxyBlocks>
				<comment_style block="0" line="0" />
				<doxyfile_project />
				<doxyfile_build />
				<doxyfile_warnings />
				<doxyfile_output />
				<doxyfile_dot />
				<general />
			</DoxyBlocks>
			<envvars />
			<code_completion />
			<debugger />
		</Extensions>
	</Project>
</CodeBlocks_project_file>
