<?xml version="1.0" encoding="UTF-8" standalone="yes" ?>
<CodeBlocks_project_file>
	<FileVersion major="1" minor="6" />
	<Project>
		<Option title="demo_dylib" />
		<Option pch_mode="2" />
		<Option compiler="gcc" />
		<Build>
			<Target title="Debug">
				<Option output="bin/demo_dylib" prefix_auto="1" extension_auto="1" />
				<Option object_output="dylib/" />
				<Option type="1" />
				<Option compiler="gcc" />
				<Compiler>
					<Add option="-g" />
				</Compiler>
				<Linker>
					<Add library="pthread" />
				</Linker>
			</Target>
		</Build>
		<Compiler>
			<Add option="-Wall" />
			<Add option="-g" />
			<Add option="-fexceptions" />
			<Add directory="../ANT_LIB/inc" />
			<Add directory="../ANT_LIB/common" />
			<Add directory="../ANT_LIB/software/serial" />
			<Add directory="../ANT_LIB/software/system" />
			<Add directory="../ANT_LIB/software/USB" />
			<Add directory="../ANT_LIB/software/ANTFS" />
			<Add directory="../ANT_LIB/software/USB/device_handles" />
			<Add directory="../ANT_LIB/software/USB/devices" />
			<Add directory="../ANT_LIB/software/USB/iokit_driver" />
			<Add directory="../ANT_LIB/software/serial/device_management" />
			<Add directory="/usr/include/libusb-1.0" />
		</Compiler>
		<Linker>
			<Add library="ant" />
			<Add library="dl" />
			<Add directory="bin" />
		</Linker>
		<Unit filename="../DEMO_DLL/demo.cpp" />
		<Unit filename="../DEMO_DLL/demo.h" />
		<Unit filename="../DEMO_DLL/libant.cpp" />
		<Unit filename="../DEMO_DLL/libant.h" />
		<Extensions>
			<code_completion />
			<debugger />
		</Extensions>
	</Project>
</CodeBlocks_project_file>
